
Microsoft Visual Studio Solution File, Format Version 12.00
# Visual Studio Version 16
VisualStudioVersion = 16.0.32002.261
MinimumVisualStudioVersion = 10.0.40219.1
Project("{FAE04EC0-301F-11D3-BF4B-00C04F79EFBC}") = "Alphabet constant", "Alphabet constant\Alphabet constant.csproj", "{985CD431-B902-4035-9E14-31BA757912FC}"
EndProject
Global
	GlobalSection(SolutionConfigurationPlatforms) = preSolution
		Debug|Any CPU = Debug|Any CPU
		Release|Any CPU = Release|Any CPU
	EndGlobalSection
	GlobalSection(ProjectConfigurationPlatforms) = postSolution
		{985CD431-B902-4035-9E14-31BA757912FC}.Debug|Any CPU.ActiveCfg = Debug|Any CPU
		{985CD431-B902-4035-9E14-31BA757912FC}.Debug|Any CPU.Build.0 = Debug|Any CPU
		{985CD431-B902-4035-9E14-31BA757912FC}.Release|Any CPU.ActiveCfg = Release|Any CPU
		{985CD431-B902-4035-9E14-31BA757912FC}.Release|Any CPU.Build.0 = Release|Any CPU
	EndGlobalSection
	GlobalSection(SolutionProperties) = preSolution
		HideSolutionNode = FALSE
	EndGlobalSection
	GlobalSection(ExtensibilityGlobals) = postSolution
		SolutionGuid = {41439193-3983-4E23-AFCD-CFE5348369DA}
	EndGlobalSection
EndGlobal
