
Microsoft Visual Studio Solution File, Format Version 12.00
# Visual Studio Version 16
VisualStudioVersion = 16.0.32002.261
MinimumVisualStudioVersion = 10.0.40219.1
Project("{FAE04EC0-301F-11D3-BF4B-00C04F79EFBC}") = "swap two numbers", "swap two numbers\swap two numbers.csproj", "{746BD9FC-C6E2-42B9-AADF-1148581E14F6}"
EndProject
Global
	GlobalSection(SolutionConfigurationPlatforms) = preSolution
		Debug|Any CPU = Debug|Any CPU
		Release|Any CPU = Release|Any CPU
	EndGlobalSection
	GlobalSection(ProjectConfigurationPlatforms) = postSolution
		{746BD9FC-C6E2-42B9-AADF-1148581E14F6}.Debug|Any CPU.ActiveCfg = Debug|Any CPU
		{746BD9FC-C6E2-42B9-AADF-1148581E14F6}.Debug|Any CPU.Build.0 = Debug|Any CPU
		{746BD9FC-C6E2-42B9-AADF-1148581E14F6}.Release|Any CPU.ActiveCfg = Release|Any CPU
		{746BD9FC-C6E2-42B9-AADF-1148581E14F6}.Release|Any CPU.Build.0 = Release|Any CPU
	EndGlobalSection
	GlobalSection(SolutionProperties) = preSolution
		HideSolutionNode = FALSE
	EndGlobalSection
	GlobalSection(ExtensibilityGlobals) = postSolution
		SolutionGuid = {53A27657-5245-4718-B8F3-AEBA5938DF66}
	EndGlobalSection
EndGlobal
