
Microsoft Visual Studio Solution File, Format Version 12.00
# Visual Studio Version 16
VisualStudioVersion = 16.0.32002.261
MinimumVisualStudioVersion = 10.0.40219.1
Project("{FAE04EC0-301F-11D3-BF4B-00C04F79EFBC}") = "factors", "factors\factors.csproj", "{222A9A65-FDAF-466D-9CD4-A235F8FFBE20}"
EndProject
Global
	GlobalSection(SolutionConfigurationPlatforms) = preSolution
		Debug|Any CPU = Debug|Any CPU
		Release|Any CPU = Release|Any CPU
	EndGlobalSection
	GlobalSection(ProjectConfigurationPlatforms) = postSolution
		{222A9A65-FDAF-466D-9CD4-A235F8FFBE20}.Debug|Any CPU.ActiveCfg = Debug|Any CPU
		{222A9A65-FDAF-466D-9CD4-A235F8FFBE20}.Debug|Any CPU.Build.0 = Debug|Any CPU
		{222A9A65-FDAF-466D-9CD4-A235F8FFBE20}.Release|Any CPU.ActiveCfg = Release|Any CPU
		{222A9A65-FDAF-466D-9CD4-A235F8FFBE20}.Release|Any CPU.Build.0 = Release|Any CPU
	EndGlobalSection
	GlobalSection(SolutionProperties) = preSolution
		HideSolutionNode = FALSE
	EndGlobalSection
	GlobalSection(ExtensibilityGlobals) = postSolution
		SolutionGuid = {0244EC21-3BC2-479C-A722-3954D79EBAC4}
	EndGlobalSection
EndGlobal
