
Microsoft Visual Studio Solution File, Format Version 12.00
# Visual Studio Version 16
VisualStudioVersion = 16.0.32002.261
MinimumVisualStudioVersion = 10.0.40219.1
Project("{FAE04EC0-301F-11D3-BF4B-00C04F79EFBC}") = "harmonic number", "harmonic number\harmonic number.csproj", "{5DD53EB4-D761-4F46-A0D4-A1A3718A2E72}"
EndProject
Global
	GlobalSection(SolutionConfigurationPlatforms) = preSolution
		Debug|Any CPU = Debug|Any CPU
		Release|Any CPU = Release|Any CPU
	EndGlobalSection
	GlobalSection(ProjectConfigurationPlatforms) = postSolution
		{5DD53EB4-D761-4F46-A0D4-A1A3718A2E72}.Debug|Any CPU.ActiveCfg = Debug|Any CPU
		{5DD53EB4-D761-4F46-A0D4-A1A3718A2E72}.Debug|Any CPU.Build.0 = Debug|Any CPU
		{5DD53EB4-D761-4F46-A0D4-A1A3718A2E72}.Release|Any CPU.ActiveCfg = Release|Any CPU
		{5DD53EB4-D761-4F46-A0D4-A1A3718A2E72}.Release|Any CPU.Build.0 = Release|Any CPU
	EndGlobalSection
	GlobalSection(SolutionProperties) = preSolution
		HideSolutionNode = FALSE
	EndGlobalSection
	GlobalSection(ExtensibilityGlobals) = postSolution
		SolutionGuid = {16148368-55BA-4881-8486-F5971439C83F}
	EndGlobalSection
EndGlobal
